
Microsoft Visual Studio Solution File, Format Version 12.00
# Visual Studio Version 16
VisualStudioVersion = 16.0.30011.22
MinimumVisualStudioVersion = 10.0.40219.1
Project("{9A19103F-16F7-4668-BE54-9A1E7A4F7556}") = "InsuranceApp", "InsuranceApp\InsuranceApp.csproj", "{7362BF62-5701-4339-B62E-CAEFE943442E}"
EndProject
Global
	GlobalSection(SolutionConfigurationPlatforms) = preSolution
		Debug|Any CPU = Debug|Any CPU
		Release|Any CPU = Release|Any CPU
	EndGlobalSection
	GlobalSection(ProjectConfigurationPlatforms) = postSolution
		{7362BF62-5701-4339-B62E-CAEFE943442E}.Debug|Any CPU.ActiveCfg = Debug|Any CPU
		{7362BF62-5701-4339-B62E-CAEFE943442E}.Debug|Any CPU.Build.0 = Debug|Any CPU
		{7362BF62-5701-4339-B62E-CAEFE943442E}.Release|Any CPU.ActiveCfg = Release|Any CPU
		{7362BF62-5701-4339-B62E-CAEFE943442E}.Release|Any CPU.Build.0 = Release|Any CPU
	EndGlobalSection
	GlobalSection(SolutionProperties) = preSolution
		HideSolutionNode = FALSE
	EndGlobalSection
	GlobalSection(ExtensibilityGlobals) = postSolution
		SolutionGuid = {D78677B9-B014-49FC-9D4F-C5C3A5BD1EEC}
	EndGlobalSection
EndGlobal
